
Microsoft Visual Studio Solution File, Format Version 12.00
# Visual Studio Version 17
VisualStudioVersion = 17.7.34009.444
MinimumVisualStudioVersion = 10.0.40219.1
Project("{FAE04EC0-301F-11D3-BF4B-00C04F79EFBC}") = "PROJET_FINAL_DIANA_F", "PROJET_FINAL_DIANA_F\PROJET_FINAL_DIANA_F.csproj", "{0FAE0103-AD86-486D-A05A-40081D344529}"
EndProject
Global
	GlobalSection(SolutionConfigurationPlatforms) = preSolution
		Debug|Any CPU = Debug|Any CPU
		Release|Any CPU = Release|Any CPU
	EndGlobalSection
	GlobalSection(ProjectConfigurationPlatforms) = postSolution
		{0FAE0103-AD86-486D-A05A-40081D344529}.Debug|Any CPU.ActiveCfg = Debug|Any CPU
		{0FAE0103-AD86-486D-A05A-40081D344529}.Debug|Any CPU.Build.0 = Debug|Any CPU
		{0FAE0103-AD86-486D-A05A-40081D344529}.Release|Any CPU.ActiveCfg = Release|Any CPU
		{0FAE0103-AD86-486D-A05A-40081D344529}.Release|Any CPU.Build.0 = Release|Any CPU
	EndGlobalSection
	GlobalSection(SolutionProperties) = preSolution
		HideSolutionNode = FALSE
	EndGlobalSection
	GlobalSection(ExtensibilityGlobals) = postSolution
		SolutionGuid = {AA7135B6-97CE-446F-BF13-9303C635F4AF}
	EndGlobalSection
EndGlobal
